# THIS IS AN AUTOGENERATED FILE. DO NOT EDIT THIS FILE DIRECTLY.
# yarn lockfile v1


husky@^7.0.2:
  version "7.0.2"
  resolved "https://registry.nlark.com/husky/download/husky-7.0.2.tgz?cache=0&other_urls=https%3A%2F%2Fregistry.nlark.com%2Fhusky%2Fdownload%2Fhusky-7.0.2.tgz#21900da0f30199acca43a46c043c4ad84ae88dff"
  integrity sha1-IZANoPMBmazKQ6RsBDxK2Erojf8=
